
Microsoft Visual Studio Solution File, Format Version 12.00
# Visual Studio Version 16
VisualStudioVersion = 16.0.30114.105
MinimumVisualStudioVersion = 10.0.40219.1
Project("{FAE04EC0-301F-11D3-BF4B-00C04F79EFBC}") = "UsbSession", "UsbSession.csproj", "{B8577F2D-3BA5-46CC-855F-D03AD0384AEF}"
EndProject
Project("{FAE04EC0-301F-11D3-BF4B-00C04F79EFBC}") = "UsbSession.Tests", "UsbSession.Tests\UsbSession.Tests.csproj", "{ADF67B61-D8AB-4071-A949-ECFA1CD893E0}"
EndProject
Global
	GlobalSection(SolutionConfigurationPlatforms) = preSolution
		Debug|Any CPU = Debug|Any CPU
		Release|Any CPU = Release|Any CPU
	EndGlobalSection
	GlobalSection(ProjectConfigurationPlatforms) = postSolution
		{B8577F2D-3BA5-46CC-855F-D03AD0384AEF}.Debug|Any CPU.ActiveCfg = Debug|Any CPU
		{B8577F2D-3BA5-46CC-855F-D03AD0384AEF}.Debug|Any CPU.Build.0 = Debug|Any CPU
		{B8577F2D-3BA5-46CC-855F-D03AD0384AEF}.Release|Any CPU.ActiveCfg = Release|Any CPU
		{B8577F2D-3BA5-46CC-855F-D03AD0384AEF}.Release|Any CPU.Build.0 = Release|Any CPU
		{ADF67B61-D8AB-4071-A949-ECFA1CD893E0}.Debug|Any CPU.ActiveCfg = Debug|Any CPU
		{ADF67B61-D8AB-4071-A949-ECFA1CD893E0}.Debug|Any CPU.Build.0 = Debug|Any CPU
		{ADF67B61-D8AB-4071-A949-ECFA1CD893E0}.Release|Any CPU.ActiveCfg = Release|Any CPU
		{ADF67B61-D8AB-4071-A949-ECFA1CD893E0}.Release|Any CPU.Build.0 = Release|Any CPU
	EndGlobalSection
	GlobalSection(SolutionProperties) = preSolution
		HideSolutionNode = FALSE
	EndGlobalSection
	GlobalSection(ExtensibilityGlobals) = postSolution
		SolutionGuid = {F9F619CD-933B-4352-985F-B868E2243D2C}
	EndGlobalSection
EndGlobal
